
Microsoft Visual Studio Solution File, Format Version 12.00
# Visual Studio Version 16
VisualStudioVersion = 16.0.30225.117
MinimumVisualStudioVersion = 10.0.40219.1
Project("{FAE04EC0-301F-11D3-BF4B-00C04F79EFBC}") = "Pokedex", "Pokedex.csproj", "{266FC3A9-C3D5-4455-893B-97DABA378858}"
EndProject
Global
	GlobalSection(SolutionConfigurationPlatforms) = preSolution
		Debug|Any CPU = Debug|Any CPU
		Release|Any CPU = Release|Any CPU
	EndGlobalSection
	GlobalSection(ProjectConfigurationPlatforms) = postSolution
		{266FC3A9-C3D5-4455-893B-97DABA378858}.Debug|Any CPU.ActiveCfg = Debug|Any CPU
		{266FC3A9-C3D5-4455-893B-97DABA378858}.Debug|Any CPU.Build.0 = Debug|Any CPU
		{266FC3A9-C3D5-4455-893B-97DABA378858}.Release|Any CPU.ActiveCfg = Release|Any CPU
		{266FC3A9-C3D5-4455-893B-97DABA378858}.Release|Any CPU.Build.0 = Release|Any CPU
	EndGlobalSection
	GlobalSection(SolutionProperties) = preSolution
		HideSolutionNode = FALSE
	EndGlobalSection
	GlobalSection(ExtensibilityGlobals) = postSolution
		SolutionGuid = {E2DB489C-EAC4-4CD3-8A95-AFF1374AA286}
	EndGlobalSection
EndGlobal
